
Microsoft Visual Studio Solution File, Format Version 12.00
# Visual Studio 14
VisualStudioVersion = 14.0.25123.0
MinimumVisualStudioVersion = 10.0.40219.1
Project("{F184B08F-C81C-45F6-A57F-5ABD9991F28F}") = "BlackShellRunner", "BlackShellRunner8\BlackShellRunner.vbproj", "{A0816A36-2FA3-4C5F-B191-14011FAE4CDA}"
EndProject
Project("{F184B08F-C81C-45F6-A57F-5ABD9991F28F}") = "AcidControls", "AcidControls\AcidControls.vbproj", "{E335120E-28C6-4D48-8C86-E2EFD61B29E4}"
EndProject
Project("{F184B08F-C81C-45F6-A57F-5ABD9991F28F}") = "BSR_INI_Editor", "BSR_INI_Editor\BSR_INI_Editor.vbproj", "{6CD8FCE4-7330-4EAB-B03D-F0C87559233D}"
EndProject
Global
	GlobalSection(SolutionConfigurationPlatforms) = preSolution
		CD_ROM|Any CPU = CD_ROM|Any CPU
		CD_ROM|x64 = CD_ROM|x64
		CD_ROM|x86 = CD_ROM|x86
		Debug|Any CPU = Debug|Any CPU
		Debug|x64 = Debug|x64
		Debug|x86 = Debug|x86
		DVD-5|Any CPU = DVD-5|Any CPU
		DVD-5|x64 = DVD-5|x64
		DVD-5|x86 = DVD-5|x86
		Release|Any CPU = Release|Any CPU
		Release|x64 = Release|x64
		Release|x86 = Release|x86
		SingleImage|Any CPU = SingleImage|Any CPU
		SingleImage|x64 = SingleImage|x64
		SingleImage|x86 = SingleImage|x86
	EndGlobalSection
	GlobalSection(ProjectConfigurationPlatforms) = postSolution
		{A0816A36-2FA3-4C5F-B191-14011FAE4CDA}.CD_ROM|Any CPU.ActiveCfg = Spoon|Any CPU
		{A0816A36-2FA3-4C5F-B191-14011FAE4CDA}.CD_ROM|Any CPU.Build.0 = Spoon|Any CPU
		{A0816A36-2FA3-4C5F-B191-14011FAE4CDA}.CD_ROM|x64.ActiveCfg = Spoon|x64
		{A0816A36-2FA3-4C5F-B191-14011FAE4CDA}.CD_ROM|x64.Build.0 = Spoon|x64
		{A0816A36-2FA3-4C5F-B191-14011FAE4CDA}.CD_ROM|x86.ActiveCfg = Spoon|x86
		{A0816A36-2FA3-4C5F-B191-14011FAE4CDA}.CD_ROM|x86.Build.0 = Spoon|x86
		{A0816A36-2FA3-4C5F-B191-14011FAE4CDA}.Debug|Any CPU.ActiveCfg = Debug|Any CPU
		{A0816A36-2FA3-4C5F-B191-14011FAE4CDA}.Debug|Any CPU.Build.0 = Debug|Any CPU
		{A0816A36-2FA3-4C5F-B191-14011FAE4CDA}.Debug|x64.ActiveCfg = Debug|x64
		{A0816A36-2FA3-4C5F-B191-14011FAE4CDA}.Debug|x64.Build.0 = Debug|x64
		{A0816A36-2FA3-4C5F-B191-14011FAE4CDA}.Debug|x86.ActiveCfg = Debug|x86
		{A0816A36-2FA3-4C5F-B191-14011FAE4CDA}.Debug|x86.Build.0 = Debug|x86
		{A0816A36-2FA3-4C5F-B191-14011FAE4CDA}.DVD-5|Any CPU.ActiveCfg = Debug|Any CPU
		{A0816A36-2FA3-4C5F-B191-14011FAE4CDA}.DVD-5|Any CPU.Build.0 = Debug|Any CPU
		{A0816A36-2FA3-4C5F-B191-14011FAE4CDA}.DVD-5|x64.ActiveCfg = Debug|x64
		{A0816A36-2FA3-4C5F-B191-14011FAE4CDA}.DVD-5|x64.Build.0 = Debug|x64
		{A0816A36-2FA3-4C5F-B191-14011FAE4CDA}.DVD-5|x86.ActiveCfg = Debug|x86
		{A0816A36-2FA3-4C5F-B191-14011FAE4CDA}.DVD-5|x86.Build.0 = Debug|x86
		{A0816A36-2FA3-4C5F-B191-14011FAE4CDA}.Release|Any CPU.ActiveCfg = Release|Any CPU
		{A0816A36-2FA3-4C5F-B191-14011FAE4CDA}.Release|Any CPU.Build.0 = Release|Any CPU
		{A0816A36-2FA3-4C5F-B191-14011FAE4CDA}.Release|x64.ActiveCfg = Release|x64
		{A0816A36-2FA3-4C5F-B191-14011FAE4CDA}.Release|x64.Build.0 = Release|x64
		{A0816A36-2FA3-4C5F-B191-14011FAE4CDA}.Release|x86.ActiveCfg = Release|x86
		{A0816A36-2FA3-4C5F-B191-14011FAE4CDA}.Release|x86.Build.0 = Release|x86
		{A0816A36-2FA3-4C5F-B191-14011FAE4CDA}.SingleImage|Any CPU.ActiveCfg = Spoon|Any CPU
		{A0816A36-2FA3-4C5F-B191-14011FAE4CDA}.SingleImage|Any CPU.Build.0 = Spoon|Any CPU
		{A0816A36-2FA3-4C5F-B191-14011FAE4CDA}.SingleImage|x64.ActiveCfg = Spoon|x64
		{A0816A36-2FA3-4C5F-B191-14011FAE4CDA}.SingleImage|x64.Build.0 = Spoon|x64
		{A0816A36-2FA3-4C5F-B191-14011FAE4CDA}.SingleImage|x86.ActiveCfg = Spoon|x86
		{A0816A36-2FA3-4C5F-B191-14011FAE4CDA}.SingleImage|x86.Build.0 = Spoon|x86
		{E335120E-28C6-4D48-8C86-E2EFD61B29E4}.CD_ROM|Any CPU.ActiveCfg = Release|Any CPU
		{E335120E-28C6-4D48-8C86-E2EFD61B29E4}.CD_ROM|Any CPU.Build.0 = Release|Any CPU
		{E335120E-28C6-4D48-8C86-E2EFD61B29E4}.CD_ROM|x64.ActiveCfg = Release|x64
		{E335120E-28C6-4D48-8C86-E2EFD61B29E4}.CD_ROM|x64.Build.0 = Release|x64
		{E335120E-28C6-4D48-8C86-E2EFD61B29E4}.CD_ROM|x86.ActiveCfg = Release|x86
		{E335120E-28C6-4D48-8C86-E2EFD61B29E4}.CD_ROM|x86.Build.0 = Release|x86
		{E335120E-28C6-4D48-8C86-E2EFD61B29E4}.Debug|Any CPU.ActiveCfg = Debug|Any CPU
		{E335120E-28C6-4D48-8C86-E2EFD61B29E4}.Debug|Any CPU.Build.0 = Debug|Any CPU
		{E335120E-28C6-4D48-8C86-E2EFD61B29E4}.Debug|Any CPU.Deploy.0 = Debug|Any CPU
		{E335120E-28C6-4D48-8C86-E2EFD61B29E4}.Debug|x64.ActiveCfg = Debug|x64
		{E335120E-28C6-4D48-8C86-E2EFD61B29E4}.Debug|x64.Build.0 = Debug|x64
		{E335120E-28C6-4D48-8C86-E2EFD61B29E4}.Debug|x86.ActiveCfg = Debug|x86
		{E335120E-28C6-4D48-8C86-E2EFD61B29E4}.Debug|x86.Build.0 = Debug|x86
		{E335120E-28C6-4D48-8C86-E2EFD61B29E4}.DVD-5|Any CPU.ActiveCfg = Debug|Any CPU
		{E335120E-28C6-4D48-8C86-E2EFD61B29E4}.DVD-5|Any CPU.Build.0 = Debug|Any CPU
		{E335120E-28C6-4D48-8C86-E2EFD61B29E4}.DVD-5|x64.ActiveCfg = Debug|x64
		{E335120E-28C6-4D48-8C86-E2EFD61B29E4}.DVD-5|x64.Build.0 = Debug|x64
		{E335120E-28C6-4D48-8C86-E2EFD61B29E4}.DVD-5|x86.ActiveCfg = Debug|x86
		{E335120E-28C6-4D48-8C86-E2EFD61B29E4}.DVD-5|x86.Build.0 = Debug|x86
		{E335120E-28C6-4D48-8C86-E2EFD61B29E4}.Release|Any CPU.ActiveCfg = Release|Any CPU
		{E335120E-28C6-4D48-8C86-E2EFD61B29E4}.Release|Any CPU.Build.0 = Release|Any CPU
		{E335120E-28C6-4D48-8C86-E2EFD61B29E4}.Release|Any CPU.Deploy.0 = Release|Any CPU
		{E335120E-28C6-4D48-8C86-E2EFD61B29E4}.Release|x64.ActiveCfg = Release|x64
		{E335120E-28C6-4D48-8C86-E2EFD61B29E4}.Release|x64.Build.0 = Release|x64
		{E335120E-28C6-4D48-8C86-E2EFD61B29E4}.Release|x86.ActiveCfg = Release|x86
		{E335120E-28C6-4D48-8C86-E2EFD61B29E4}.Release|x86.Build.0 = Release|x86
		{E335120E-28C6-4D48-8C86-E2EFD61B29E4}.SingleImage|Any CPU.ActiveCfg = Release|Any CPU
		{E335120E-28C6-4D48-8C86-E2EFD61B29E4}.SingleImage|Any CPU.Build.0 = Release|Any CPU
		{E335120E-28C6-4D48-8C86-E2EFD61B29E4}.SingleImage|x64.ActiveCfg = Release|x64
		{E335120E-28C6-4D48-8C86-E2EFD61B29E4}.SingleImage|x64.Build.0 = Release|x64
		{E335120E-28C6-4D48-8C86-E2EFD61B29E4}.SingleImage|x86.ActiveCfg = Release|x86
		{E335120E-28C6-4D48-8C86-E2EFD61B29E4}.SingleImage|x86.Build.0 = Release|x86
		{6CD8FCE4-7330-4EAB-B03D-F0C87559233D}.CD_ROM|Any CPU.ActiveCfg = Release|Any CPU
		{6CD8FCE4-7330-4EAB-B03D-F0C87559233D}.CD_ROM|Any CPU.Build.0 = Release|Any CPU
		{6CD8FCE4-7330-4EAB-B03D-F0C87559233D}.CD_ROM|x64.ActiveCfg = Release|Any CPU
		{6CD8FCE4-7330-4EAB-B03D-F0C87559233D}.CD_ROM|x64.Build.0 = Release|Any CPU
		{6CD8FCE4-7330-4EAB-B03D-F0C87559233D}.CD_ROM|x86.ActiveCfg = Release|Any CPU
		{6CD8FCE4-7330-4EAB-B03D-F0C87559233D}.CD_ROM|x86.Build.0 = Release|Any CPU
		{6CD8FCE4-7330-4EAB-B03D-F0C87559233D}.Debug|Any CPU.ActiveCfg = Debug|Any CPU
		{6CD8FCE4-7330-4EAB-B03D-F0C87559233D}.Debug|Any CPU.Build.0 = Debug|Any CPU
		{6CD8FCE4-7330-4EAB-B03D-F0C87559233D}.Debug|x64.ActiveCfg = Debug|Any CPU
		{6CD8FCE4-7330-4EAB-B03D-F0C87559233D}.Debug|x64.Build.0 = Debug|Any CPU
		{6CD8FCE4-7330-4EAB-B03D-F0C87559233D}.Debug|x86.ActiveCfg = Debug|Any CPU
		{6CD8FCE4-7330-4EAB-B03D-F0C87559233D}.Debug|x86.Build.0 = Debug|Any CPU
		{6CD8FCE4-7330-4EAB-B03D-F0C87559233D}.DVD-5|Any CPU.ActiveCfg = Debug|Any CPU
		{6CD8FCE4-7330-4EAB-B03D-F0C87559233D}.DVD-5|Any CPU.Build.0 = Debug|Any CPU
		{6CD8FCE4-7330-4EAB-B03D-F0C87559233D}.DVD-5|x64.ActiveCfg = Debug|Any CPU
		{6CD8FCE4-7330-4EAB-B03D-F0C87559233D}.DVD-5|x64.Build.0 = Debug|Any CPU
		{6CD8FCE4-7330-4EAB-B03D-F0C87559233D}.DVD-5|x86.ActiveCfg = Debug|Any CPU
		{6CD8FCE4-7330-4EAB-B03D-F0C87559233D}.DVD-5|x86.Build.0 = Debug|Any CPU
		{6CD8FCE4-7330-4EAB-B03D-F0C87559233D}.Release|Any CPU.ActiveCfg = Release|Any CPU
		{6CD8FCE4-7330-4EAB-B03D-F0C87559233D}.Release|Any CPU.Build.0 = Release|Any CPU
		{6CD8FCE4-7330-4EAB-B03D-F0C87559233D}.Release|x64.ActiveCfg = Release|Any CPU
		{6CD8FCE4-7330-4EAB-B03D-F0C87559233D}.Release|x64.Build.0 = Release|Any CPU
		{6CD8FCE4-7330-4EAB-B03D-F0C87559233D}.Release|x86.ActiveCfg = Release|Any CPU
		{6CD8FCE4-7330-4EAB-B03D-F0C87559233D}.Release|x86.Build.0 = Release|Any CPU
		{6CD8FCE4-7330-4EAB-B03D-F0C87559233D}.SingleImage|Any CPU.ActiveCfg = Release|Any CPU
		{6CD8FCE4-7330-4EAB-B03D-F0C87559233D}.SingleImage|Any CPU.Build.0 = Release|Any CPU
		{6CD8FCE4-7330-4EAB-B03D-F0C87559233D}.SingleImage|x64.ActiveCfg = Release|Any CPU
		{6CD8FCE4-7330-4EAB-B03D-F0C87559233D}.SingleImage|x64.Build.0 = Release|Any CPU
		{6CD8FCE4-7330-4EAB-B03D-F0C87559233D}.SingleImage|x86.ActiveCfg = Release|Any CPU
		{6CD8FCE4-7330-4EAB-B03D-F0C87559233D}.SingleImage|x86.Build.0 = Release|Any CPU
	EndGlobalSection
	GlobalSection(SolutionProperties) = preSolution
		HideSolutionNode = FALSE
	EndGlobalSection
EndGlobal
